
Microsoft Visual Studio Solution File, Format Version 12.00
# Visual Studio Version 16
VisualStudioVersion = 16.0.30002.166
MinimumVisualStudioVersion = 10.0.40219.1
Project("{FAE04EC0-301F-11D3-BF4B-00C04F79EFBC}") = "Ottimizzazione", "Ottimizzazione\Ottimizzazione.csproj", "{2C876FC9-CF5C-4C76-97BB-406F22CBECB4}"
EndProject
Global
	GlobalSection(SolutionConfigurationPlatforms) = preSolution
		Debug|Any CPU = Debug|Any CPU
		Release|Any CPU = Release|Any CPU
	EndGlobalSection
	GlobalSection(ProjectConfigurationPlatforms) = postSolution
		{2C876FC9-CF5C-4C76-97BB-406F22CBECB4}.Debug|Any CPU.ActiveCfg = Debug|Any CPU
		{2C876FC9-CF5C-4C76-97BB-406F22CBECB4}.Debug|Any CPU.Build.0 = Debug|Any CPU
		{2C876FC9-CF5C-4C76-97BB-406F22CBECB4}.Release|Any CPU.ActiveCfg = Release|Any CPU
		{2C876FC9-CF5C-4C76-97BB-406F22CBECB4}.Release|Any CPU.Build.0 = Release|Any CPU
	EndGlobalSection
	GlobalSection(SolutionProperties) = preSolution
		HideSolutionNode = FALSE
	EndGlobalSection
	GlobalSection(ExtensibilityGlobals) = postSolution
		SolutionGuid = {2F39FBB2-1EEB-43F9-BD67-C4D44D3F4BF8}
	EndGlobalSection
EndGlobal
